
Microsoft Visual Studio Solution File, Format Version 12.00
# Visual Studio Version 16
VisualStudioVersion = 16.0.31205.134
MinimumVisualStudioVersion = 10.0.40219.1
Project("{FAE04EC0-301F-11D3-BF4B-00C04F79EFBC}") = "Generator-Training-Images", "Generator-Training-Images\Generator-Training-Images.csproj", "{60306D6D-69EB-400A-835D-B97B371B70B3}"
EndProject
Global
	GlobalSection(SolutionConfigurationPlatforms) = preSolution
		Debug|Any CPU = Debug|Any CPU
		Release|Any CPU = Release|Any CPU
	EndGlobalSection
	GlobalSection(ProjectConfigurationPlatforms) = postSolution
		{60306D6D-69EB-400A-835D-B97B371B70B3}.Debug|Any CPU.ActiveCfg = Debug|Any CPU
		{60306D6D-69EB-400A-835D-B97B371B70B3}.Debug|Any CPU.Build.0 = Debug|Any CPU
		{60306D6D-69EB-400A-835D-B97B371B70B3}.Release|Any CPU.ActiveCfg = Release|Any CPU
		{60306D6D-69EB-400A-835D-B97B371B70B3}.Release|Any CPU.Build.0 = Release|Any CPU
	EndGlobalSection
	GlobalSection(SolutionProperties) = preSolution
		HideSolutionNode = FALSE
	EndGlobalSection
	GlobalSection(ExtensibilityGlobals) = postSolution
		SolutionGuid = {EB7E2EA4-761A-4B99-B21F-FE92D84E9E21}
	EndGlobalSection
EndGlobal
